// !$*UTF8*$!
{
	archiveVersion = 1;
	classes = {
	};
	objectVersion = 55;
	objects = {

/* Begin PBXBuildFile section */
		9B8042E051944D7686FEC559 /* libPods-IOS6-HW25-AlekseiKudinov.a in Frameworks */ = {isa = PBXBuildFile; fileRef = 0A9852ACFA1B3EF871058EF7 /* libPods-IOS6-HW25-AlekseiKudinov.a */; };
		B00432E928A30C0B009C3FD6 /* AppDelegate.swift in Sources */ = {isa = PBXBuildFile; fileRef = B00432E828A30C0B009C3FD6 /* AppDelegate.swift */; };
		B00432EB28A30C0B009C3FD6 /* SceneDelegate.swift in Sources */ = {isa = PBXBuildFile; fileRef = B00432EA28A30C0B009C3FD6 /* SceneDelegate.swift */; };
		B00432F028A30C0B009C3FD6 /* Main.storyboard in Resources */ = {isa = PBXBuildFile; fileRef = B00432EE28A30C0B009C3FD6 /* Main.storyboard */; };
		B00432F228A30C0C009C3FD6 /* Assets.xcassets in Resources */ = {isa = PBXBuildFile; fileRef = B00432F128A30C0C009C3FD6 /* Assets.xcassets */; };
		B00432F528A30C0C009C3FD6 /* LaunchScreen.storyboard in Resources */ = {isa = PBXBuildFile; fileRef = B00432F328A30C0C009C3FD6 /* LaunchScreen.storyboard */; };
		B00432FD28A59C1E009C3FD6 /* Model.swift in Sources */ = {isa = PBXBuildFile; fileRef = B00432FC28A59C1E009C3FD6 /* Model.swift */; };
		B00432FF28A91827009C3FD6 /* MainView.swift in Sources */ = {isa = PBXBuildFile; fileRef = B00432FE28A91827009C3FD6 /* MainView.swift */; };
		B004330128A91837009C3FD6 /* DetailView.swift in Sources */ = {isa = PBXBuildFile; fileRef = B004330028A91837009C3FD6 /* DetailView.swift */; };
		B004330328A9700A009C3FD6 /* MainController.swift in Sources */ = {isa = PBXBuildFile; fileRef = B004330228A9700A009C3FD6 /* MainController.swift */; };
		B004330528A9770B009C3FD6 /* DetailViewController.swift in Sources */ = {isa = PBXBuildFile; fileRef = B004330428A9770B009C3FD6 /* DetailViewController.swift */; };
		B004330728A99B4A009C3FD6 /* Cell.swift in Sources */ = {isa = PBXBuildFile; fileRef = B004330628A99B4A009C3FD6 /* Cell.swift */; };
		B004330A28A99F07009C3FD6 /* String.swift in Sources */ = {isa = PBXBuildFile; fileRef = B004330928A99F07009C3FD6 /* String.swift */; };
		B004330C28A99F2D009C3FD6 /* Date.swift in Sources */ = {isa = PBXBuildFile; fileRef = B004330B28A99F2D009C3FD6 /* Date.swift */; };
		B004330E28A99F64009C3FD6 /* UIViewConstraints.swift in Sources */ = {isa = PBXBuildFile; fileRef = B004330D28A99F64009C3FD6 /* UIViewConstraints.swift */; };
		B004331028A99FC2009C3FD6 /* Network.swift in Sources */ = {isa = PBXBuildFile; fileRef = B004330F28A99FC2009C3FD6 /* Network.swift */; };
/* End PBXBuildFile section */

/* Begin PBXFileReference section */
		0A9852ACFA1B3EF871058EF7 /* libPods-IOS6-HW25-AlekseiKudinov.a */ = {isa = PBXFileReference; explicitFileType = archive.ar; includeInIndex = 0; path = "libPods-IOS6-HW25-AlekseiKudinov.a"; sourceTree = BUILT_PRODUCTS_DIR; };
		10E715BBB6283FBE6B46E337 /* Pods-IOS6-HW25-AlekseiKudinov.release.xcconfig */ = {isa = PBXFileReference; includeInIndex = 1; lastKnownFileType = text.xcconfig; name = "Pods-IOS6-HW25-AlekseiKudinov.release.xcconfig"; path = "Target Support Files/Pods-IOS6-HW25-AlekseiKudinov/Pods-IOS6-HW25-AlekseiKudinov.release.xcconfig"; sourceTree = "<group>"; };
		414C66A949A1727496E81A20 /* Pods-IOS6-HW25-AlekseiKudinov.debug.xcconfig */ = {isa = PBXFileReference; includeInIndex = 1; lastKnownFileType = text.xcconfig; name = "Pods-IOS6-HW25-AlekseiKudinov.debug.xcconfig"; path = "Target Support Files/Pods-IOS6-HW25-AlekseiKudinov/Pods-IOS6-HW25-AlekseiKudinov.debug.xcconfig"; sourceTree = "<group>"; };
		B00432E528A30C0B009C3FD6 /* IOS6-HW25-AlekseiKudinov.app */ = {isa = PBXFileReference; explicitFileType = wrapper.application; includeInIndex = 0; path = "IOS6-HW25-AlekseiKudinov.app"; sourceTree = BUILT_PRODUCTS_DIR; };
		B00432E828A30C0B009C3FD6 /* AppDelegate.swift */ = {isa = PBXFileReference; lastKnownFileType = sourcecode.swift; path = AppDelegate.swift; sourceTree = "<group>"; };
		B00432EA28A30C0B009C3FD6 /* SceneDelegate.swift */ = {isa = PBXFileReference; lastKnownFileType = sourcecode.swift; path = SceneDelegate.swift; sourceTree = "<group>"; };
		B00432EF28A30C0B009C3FD6 /* Base */ = {isa = PBXFileReference; lastKnownFileType = file.storyboard; name = Base; path = Base.lproj/Main.storyboard; sourceTree = "<group>"; };
		B00432F128A30C0C009C3FD6 /* Assets.xcassets */ = {isa = PBXFileReference; lastKnownFileType = folder.assetcatalog; path = Assets.xcassets; sourceTree = "<group>"; };
		B00432F428A30C0C009C3FD6 /* Base */ = {isa = PBXFileReference; lastKnownFileType = file.storyboard; name = Base; path = Base.lproj/LaunchScreen.storyboard; sourceTree = "<group>"; };
		B00432F628A30C0C009C3FD6 /* Info.plist */ = {isa = PBXFileReference; lastKnownFileType = text.plist.xml; path = Info.plist; sourceTree = "<group>"; };
		B00432FC28A59C1E009C3FD6 /* Model.swift */ = {isa = PBXFileReference; lastKnownFileType = sourcecode.swift; path = Model.swift; sourceTree = "<group>"; };
		B00432FE28A91827009C3FD6 /* MainView.swift */ = {isa = PBXFileReference; lastKnownFileType = sourcecode.swift; path = MainView.swift; sourceTree = "<group>"; };
		B004330028A91837009C3FD6 /* DetailView.swift */ = {isa = PBXFileReference; lastKnownFileType = sourcecode.swift; path = DetailView.swift; sourceTree = "<group>"; };
		B004330228A9700A009C3FD6 /* MainController.swift */ = {isa = PBXFileReference; lastKnownFileType = sourcecode.swift; path = MainController.swift; sourceTree = "<group>"; };
		B004330428A9770B009C3FD6 /* DetailViewController.swift */ = {isa = PBXFileReference; lastKnownFileType = sourcecode.swift; path = DetailViewController.swift; sourceTree = "<group>"; };
		B004330628A99B4A009C3FD6 /* Cell.swift */ = {isa = PBXFileReference; lastKnownFileType = sourcecode.swift; path = Cell.swift; sourceTree = "<group>"; };
		B004330928A99F07009C3FD6 /* String.swift */ = {isa = PBXFileReference; lastKnownFileType = sourcecode.swift; path = String.swift; sourceTree = "<group>"; };
		B004330B28A99F2D009C3FD6 /* Date.swift */ = {isa = PBXFileReference; lastKnownFileType = sourcecode.swift; path = Date.swift; sourceTree = "<group>"; };
		B004330D28A99F64009C3FD6 /* UIViewConstraints.swift */ = {isa = PBXFileReference; lastKnownFileType = sourcecode.swift; path = UIViewConstraints.swift; sourceTree = "<group>"; };
		B004330F28A99FC2009C3FD6 /* Network.swift */ = {isa = PBXFileReference; lastKnownFileType = sourcecode.swift; path = Network.swift; sourceTree = "<group>"; };
/* End PBXFileReference section */

/* Begin PBXFrameworksBuildPhase section */
		B00432E228A30C0B009C3FD6 /* Frameworks */ = {
			isa = PBXFrameworksBuildPhase;
			buildActionMask = 2147483647;
			files = (
				9B8042E051944D7686FEC559 /* libPods-IOS6-HW25-AlekseiKudinov.a in Frameworks */,
			);
			runOnlyForDeploymentPostprocessing = 0;
		};
/* End PBXFrameworksBuildPhase section */

/* Begin PBXGroup section */
		543689724643FCE1A9DA7DE1 /* Pods */ = {
			isa = PBXGroup;
			children = (
				414C66A949A1727496E81A20 /* Pods-IOS6-HW25-AlekseiKudinov.debug.xcconfig */,
				10E715BBB6283FBE6B46E337 /* Pods-IOS6-HW25-AlekseiKudinov.release.xcconfig */,
			);
			path = Pods;
			sourceTree = "<group>";
		};
		7A750653E48362FED4CB2DDC /* Frameworks */ = {
			isa = PBXGroup;
			children = (
				0A9852ACFA1B3EF871058EF7 /* libPods-IOS6-HW25-AlekseiKudinov.a */,
			);
			name = Frameworks;
			sourceTree = "<group>";
		};
		B00432DC28A30C0B009C3FD6 = {
			isa = PBXGroup;
			children = (
				B00432E728A30C0B009C3FD6 /* IOS6-HW25-AlekseiKudinov */,
				B00432E628A30C0B009C3FD6 /* Products */,
				543689724643FCE1A9DA7DE1 /* Pods */,
				7A750653E48362FED4CB2DDC /* Frameworks */,
			);
			sourceTree = "<group>";
		};
		B00432E628A30C0B009C3FD6 /* Products */ = {
			isa = PBXGroup;
			children = (
				B00432E528A30C0B009C3FD6 /* IOS6-HW25-AlekseiKudinov.app */,
			);
			name = Products;
			sourceTree = "<group>";
		};
		B00432E728A30C0B009C3FD6 /* IOS6-HW25-AlekseiKudinov */ = {
			isa = PBXGroup;
			children = (
				B004331328A9B017009C3FD6 /* Resources */,
				B004331228A9B00F009C3FD6 /* Sources */,
			);
			path = "IOS6-HW25-AlekseiKudinov";
			sourceTree = "<group>";
		};
		B004330828A99EF1009C3FD6 /* Extensions */ = {
			isa = PBXGroup;
			children = (
				B004330928A99F07009C3FD6 /* String.swift */,
				B004330B28A99F2D009C3FD6 /* Date.swift */,
				B004330D28A99F64009C3FD6 /* UIViewConstraints.swift */,
			);
			path = Extensions;
			sourceTree = "<group>";
		};
		B004331128A9A805009C3FD6 /* Network */ = {
			isa = PBXGroup;
			children = (
				B004330F28A99FC2009C3FD6 /* Network.swift */,
			);
			path = Network;
			sourceTree = "<group>";
		};
		B004331228A9B00F009C3FD6 /* Sources */ = {
			isa = PBXGroup;
			children = (
				B004331428A9B044009C3FD6 /* App */,
				B004331528A9B064009C3FD6 /* Scenes */,
				B004331128A9A805009C3FD6 /* Network */,
				B004330828A99EF1009C3FD6 /* Extensions */,
			);
			path = Sources;
			sourceTree = "<group>";
		};
		B004331328A9B017009C3FD6 /* Resources */ = {
			isa = PBXGroup;
			children = (
				B00432EE28A30C0B009C3FD6 /* Main.storyboard */,
				B00432F328A30C0C009C3FD6 /* LaunchScreen.storyboard */,
				B00432F628A30C0C009C3FD6 /* Info.plist */,
				B00432F128A30C0C009C3FD6 /* Assets.xcassets */,
			);
			path = Resources;
			sourceTree = "<group>";
		};
		B004331428A9B044009C3FD6 /* App */ = {
			isa = PBXGroup;
			children = (
				B00432E828A30C0B009C3FD6 /* AppDelegate.swift */,
				B00432EA28A30C0B009C3FD6 /* SceneDelegate.swift */,
			);
			path = App;
			sourceTree = "<group>";
		};
		B004331528A9B064009C3FD6 /* Scenes */ = {
			isa = PBXGroup;
			children = (
				B00432FC28A59C1E009C3FD6 /* Model.swift */,
				B004330028A91837009C3FD6 /* DetailView.swift */,
				B004330428A9770B009C3FD6 /* DetailViewController.swift */,
				B004330228A9700A009C3FD6 /* MainController.swift */,
				B004330628A99B4A009C3FD6 /* Cell.swift */,
				B00432FE28A91827009C3FD6 /* MainView.swift */,
			);
			path = Scenes;
			sourceTree = "<group>";
		};
/* End PBXGroup section */

/* Begin PBXNativeTarget section */
		B00432E428A30C0B009C3FD6 /* IOS6-HW25-AlekseiKudinov */ = {
			isa = PBXNativeTarget;
			buildConfigurationList = B00432F928A30C0C009C3FD6 /* Build configuration list for PBXNativeTarget "IOS6-HW25-AlekseiKudinov" */;
			buildPhases = (
				3D9FAC638E9B8D500DB800FD /* [CP] Check Pods Manifest.lock */,
				B00432E128A30C0B009C3FD6 /* Sources */,
				B00432E228A30C0B009C3FD6 /* Frameworks */,
				B00432E328A30C0B009C3FD6 /* Resources */,
			);
			buildRules = (
			);
			dependencies = (
			);
			name = "IOS6-HW25-AlekseiKudinov";
			productName = "IOS6-HW25-AlekseiKudinov";
			productReference = B00432E528A30C0B009C3FD6 /* IOS6-HW25-AlekseiKudinov.app */;
			productType = "com.apple.product-type.application";
		};
/* End PBXNativeTarget section */

/* Begin PBXProject section */
		B00432DD28A30C0B009C3FD6 /* Project object */ = {
			isa = PBXProject;
			attributes = {
				BuildIndependentTargetsInParallel = 1;
				LastSwiftUpdateCheck = 1340;
				LastUpgradeCheck = 1340;
				TargetAttributes = {
					B00432E428A30C0B009C3FD6 = {
						CreatedOnToolsVersion = 13.4.1;
					};
				};
			};
			buildConfigurationList = B00432E028A30C0B009C3FD6 /* Build configuration list for PBXProject "IOS6-HW25-AlekseiKudinov" */;
			compatibilityVersion = "Xcode 13.0";
			developmentRegion = en;
			hasScannedForEncodings = 0;
			knownRegions = (
				en,
				Base,
			);
			mainGroup = B00432DC28A30C0B009C3FD6;
			productRefGroup = B00432E628A30C0B009C3FD6 /* Products */;
			projectDirPath = "";
			projectRoot = "";
			targets = (
				B00432E428A30C0B009C3FD6 /* IOS6-HW25-AlekseiKudinov */,
			);
		};
/* End PBXProject section */

/* Begin PBXResourcesBuildPhase section */
		B00432E328A30C0B009C3FD6 /* Resources */ = {
			isa = PBXResourcesBuildPhase;
			buildActionMask = 2147483647;
			files = (
				B00432F528A30C0C009C3FD6 /* LaunchScreen.storyboard in Resources */,
				B00432F228A30C0C009C3FD6 /* Assets.xcassets in Resources */,
				B00432F028A30C0B009C3FD6 /* Main.storyboard in Resources */,
			);
			runOnlyForDeploymentPostprocessing = 0;
		};
/* End PBXResourcesBuildPhase section */

/* Begin PBXShellScriptBuildPhase section */
		3D9FAC638E9B8D500DB800FD /* [CP] Check Pods Manifest.lock */ = {
			isa = PBXShellScriptBuildPhase;
			buildActionMask = 2147483647;
			files = (
			);
			inputFileListPaths = (
			);
			inputPaths = (
				"${PODS_PODFILE_DIR_PATH}/Podfile.lock",
				"${PODS_ROOT}/Manifest.lock",
			);
			name = "[CP] Check Pods Manifest.lock";
			outputFileListPaths = (
			);
			outputPaths = (
				"$(DERIVED_FILE_DIR)/Pods-IOS6-HW25-AlekseiKudinov-checkManifestLockResult.txt",
			);
			runOnlyForDeploymentPostprocessing = 0;
			shellPath = /bin/sh;
			shellScript = "diff \"${PODS_PODFILE_DIR_PATH}/Podfile.lock\" \"${PODS_ROOT}/Manifest.lock\" > /dev/null\nif [ $? != 0 ] ; then\n    # print error to STDERR\n    echo \"error: The sandbox is not in sync with the Podfile.lock. Run 'pod install' or update your CocoaPods installation.\" >&2\n    exit 1\nfi\n# This output is used by Xcode 'outputs' to avoid re-running this script phase.\necho \"SUCCESS\" > \"${SCRIPT_OUTPUT_FILE_0}\"\n";
			showEnvVarsInLog = 0;
		};
/* End PBXShellScriptBuildPhase section */

/* Begin PBXSourcesBuildPhase section */
		B00432E128A30C0B009C3FD6 /* Sources */ = {
			isa = PBXSourcesBuildPhase;
			buildActionMask = 2147483647;
			files = (
				B004330328A9700A009C3FD6 /* MainController.swift in Sources */,
				B004330C28A99F2D009C3FD6 /* Date.swift in Sources */,
				B004331028A99FC2009C3FD6 /* Network.swift in Sources */,
				B004330128A91837009C3FD6 /* DetailView.swift in Sources */,
				B004330E28A99F64009C3FD6 /* UIViewConstraints.swift in Sources */,
				B00432E928A30C0B009C3FD6 /* AppDelegate.swift in Sources */,
				B004330A28A99F07009C3FD6 /* String.swift in Sources */,
				B00432EB28A30C0B009C3FD6 /* SceneDelegate.swift in Sources */,
				B00432FF28A91827009C3FD6 /* MainView.swift in Sources */,
				B004330728A99B4A009C3FD6 /* Cell.swift in Sources */,
				B00432FD28A59C1E009C3FD6 /* Model.swift in Sources */,
				B004330528A9770B009C3FD6 /* DetailViewController.swift in Sources */,
			);
			runOnlyForDeploymentPostprocessing = 0;
		};
/* End PBXSourcesBuildPhase section */

/* Begin PBXVariantGroup section */
		B00432EE28A30C0B009C3FD6 /* Main.storyboard */ = {
			isa = PBXVariantGroup;
			children = (
				B00432EF28A30C0B009C3FD6 /* Base */,
			);
			name = Main.storyboard;
			sourceTree = "<group>";
		};
		B00432F328A30C0C009C3FD6 /* LaunchScreen.storyboard */ = {
			isa = PBXVariantGroup;
			children = (
				B00432F428A30C0C009C3FD6 /* Base */,
			);
			name = LaunchScreen.storyboard;
			sourceTree = "<group>";
		};
/* End PBXVariantGroup section */

/* Begin XCBuildConfiguration section */
		B00432F728A30C0C009C3FD6 /* Debug */ = {
			isa = XCBuildConfiguration;
			buildSettings = {
				ALWAYS_SEARCH_USER_PATHS = NO;
				CLANG_ANALYZER_NONNULL = YES;
				CLANG_ANALYZER_NUMBER_OBJECT_CONVERSION = YES_AGGRESSIVE;
				CLANG_CXX_LANGUAGE_STANDARD = "gnu++17";
				CLANG_ENABLE_MODULES = YES;
				CLANG_ENABLE_OBJC_ARC = YES;
				CLANG_ENABLE_OBJC_WEAK = YES;
				CLANG_WARN_BLOCK_CAPTURE_AUTORELEASING = YES;
				CLANG_WARN_BOOL_CONVERSION = YES;
				CLANG_WARN_COMMA = YES;
				CLANG_WARN_CONSTANT_CONVERSION = YES;
				CLANG_WARN_DEPRECATED_OBJC_IMPLEMENTATIONS = YES;
				CLANG_WARN_DIRECT_OBJC_ISA_USAGE = YES_ERROR;
				CLANG_WARN_DOCUMENTATION_COMMENTS = YES;
				CLANG_WARN_EMPTY_BODY = YES;
				CLANG_WARN_ENUM_CONVERSION = YES;
				CLANG_WARN_INFINITE_RECURSION = YES;
				CLANG_WARN_INT_CONVERSION = YES;
				CLANG_WARN_NON_LITERAL_NULL_CONVERSION = YES;
				CLANG_WARN_OBJC_IMPLICIT_RETAIN_SELF = YES;
				CLANG_WARN_OBJC_LITERAL_CONVERSION = YES;
				CLANG_WARN_OBJC_ROOT_CLASS = YES_ERROR;
				CLANG_WARN_QUOTED_INCLUDE_IN_FRAMEWORK_HEADER = YES;
				CLANG_WARN_RANGE_LOOP_ANALYSIS = YES;
				CLANG_WARN_STRICT_PROTOTYPES = YES;
				CLANG_WARN_SUSPICIOUS_MOVE = YES;
				CLANG_WARN_UNGUARDED_AVAILABILITY = YES_AGGRESSIVE;
				CLANG_WARN_UNREACHABLE_CODE = YES;
				CLANG_WARN__DUPLICATE_METHOD_MATCH = YES;
				COPY_PHASE_STRIP = NO;
				DEBUG_INFORMATION_FORMAT = dwarf;
				ENABLE_STRICT_OBJC_MSGSEND = YES;
				ENABLE_TESTABILITY = YES;
				GCC_C_LANGUAGE_STANDARD = gnu11;
				GCC_DYNAMIC_NO_PIC = NO;
				GCC_NO_COMMON_BLOCKS = YES;
				GCC_OPTIMIZATION_LEVEL = 0;
				GCC_PREPROCESSOR_DEFINITIONS = (
					"DEBUG=1",
					"$(inherited)",
				);
				GCC_WARN_64_TO_32_BIT_CONVERSION = YES;
				GCC_WARN_ABOUT_RETURN_TYPE = YES_ERROR;
				GCC_WARN_UNDECLARED_SELECTOR = YES;
				GCC_WARN_UNINITIALIZED_AUTOS = YES_AGGRESSIVE;
				GCC_WARN_UNUSED_FUNCTION = YES;
				GCC_WARN_UNUSED_VARIABLE = YES;
				IPHONEOS_DEPLOYMENT_TARGET = 15.5;
				MTL_ENABLE_DEBUG_INFO = INCLUDE_SOURCE;
				MTL_FAST_MATH = YES;
				ONLY_ACTIVE_ARCH = YES;
				SDKROOT = iphoneos;
				SWIFT_ACTIVE_COMPILATION_CONDITIONS = DEBUG;
				SWIFT_OPTIMIZATION_LEVEL = "-Onone";
			};
			name = Debug;
		};
		B00432F828A30C0C009C3FD6 /* Release */ = {
			isa = XCBuildConfiguration;
			buildSettings = {
				ALWAYS_SEARCH_USER_PATHS = NO;
				CLANG_ANALYZER_NONNULL = YES;
				CLANG_ANALYZER_NUMBER_OBJECT_CONVERSION = YES_AGGRESSIVE;
				CLANG_CXX_LANGUAGE_STANDARD = "gnu++17";
				CLANG_ENABLE_MODULES = YES;
				CLANG_ENABLE_OBJC_ARC = YES;
				CLANG_ENABLE_OBJC_WEAK = YES;
				CLANG_WARN_BLOCK_CAPTURE_AUTORELEASING = YES;
				CLANG_WARN_BOOL_CONVERSION = YES;
				CLANG_WARN_COMMA = YES;
				CLANG_WARN_CONSTANT_CONVERSION = YES;
				CLANG_WARN_DEPRECATED_OBJC_IMPLEMENTATIONS = YES;
				CLANG_WARN_DIRECT_OBJC_ISA_USAGE = YES_ERROR;
				CLANG_WARN_DOCUMENTATION_COMMENTS = YES;
				CLANG_WARN_EMPTY_BODY = YES;
				CLANG_WARN_ENUM_CONVERSION = YES;
				CLANG_WARN_INFINITE_RECURSION = YES;
				CLANG_WARN_INT_CONVERSION = YES;
				CLANG_WARN_NON_LITERAL_NULL_CONVERSION = YES;
				CLANG_WARN_OBJC_IMPLICIT_RETAIN_SELF = YES;
				CLANG_WARN_OBJC_LITERAL_CONVERSION = YES;
				CLANG_WARN_OBJC_ROOT_CLASS = YES_ERROR;
				CLANG_WARN_QUOTED_INCLUDE_IN_FRAMEWORK_HEADER = YES;
				CLANG_WARN_RANGE_LOOP_ANALYSIS = YES;
				CLANG_WARN_STRICT_PROTOTYPES = YES;
				CLANG_WARN_SUSPICIOUS_MOVE = YES;
				CLANG_WARN_UNGUARDED_AVAILABILITY = YES_AGGRESSIVE;
				CLANG_WARN_UNREACHABLE_CODE = YES;
				CLANG_WARN__DUPLICATE_METHOD_MATCH = YES;
				COPY_PHASE_STRIP = NO;
				DEBUG_INFORMATION_FORMAT = "dwarf-with-dsym";
				ENABLE_NS_ASSERTIONS = NO;
				ENABLE_STRICT_OBJC_MSGSEND = YES;
				GCC_C_LANGUAGE_STANDARD = gnu11;
				GCC_NO_COMMON_BLOCKS = YES;
				GCC_WARN_64_TO_32_BIT_CONVERSION = YES;
				GCC_WARN_ABOUT_RETURN_TYPE = YES_ERROR;
				GCC_WARN_UNDECLARED_SELECTOR = YES;
				GCC_WARN_UNINITIALIZED_AUTOS = YES_AGGRESSIVE;
				GCC_WARN_UNUSED_FUNCTION = YES;
				GCC_WARN_UNUSED_VARIABLE = YES;
				IPHONEOS_DEPLOYMENT_TARGET = 15.5;
				MTL_ENABLE_DEBUG_INFO = NO;
				MTL_FAST_MATH = YES;
				SDKROOT = iphoneos;
				SWIFT_COMPILATION_MODE = wholemodule;
				SWIFT_OPTIMIZATION_LEVEL = "-O";
				VALIDATE_PRODUCT = YES;
			};
			name = Release;
		};
		B00432FA28A30C0C009C3FD6 /* Debug */ = {
			isa = XCBuildConfiguration;
			baseConfigurationReference = 414C66A949A1727496E81A20 /* Pods-IOS6-HW25-AlekseiKudinov.debug.xcconfig */;
			buildSettings = {
				ASSETCATALOG_COMPILER_APPICON_NAME = AppIcon;
				ASSETCATALOG_COMPILER_GLOBAL_ACCENT_COLOR_NAME = AccentColor;
				CODE_SIGN_STYLE = Automatic;
				CURRENT_PROJECT_VERSION = 1;
				GENERATE_INFOPLIST_FILE = YES;
				INFOPLIST_FILE = "IOS6-HW25-AlekseiKudinov/Info.plist";
				INFOPLIST_KEY_UIApplicationSupportsIndirectInputEvents = YES;
				INFOPLIST_KEY_UILaunchStoryboardName = LaunchScreen;
				INFOPLIST_KEY_UIMainStoryboardFile = Main;
				INFOPLIST_KEY_UISupportedInterfaceOrientations_iPad = "UIInterfaceOrientationPortrait UIInterfaceOrientationPortraitUpsideDown UIInterfaceOrientationLandscapeLeft UIInterfaceOrientationLandscapeRight";
				INFOPLIST_KEY_UISupportedInterfaceOrientations_iPhone = "UIInterfaceOrientationPortrait UIInterfaceOrientationLandscapeLeft UIInterfaceOrientationLandscapeRight";
				LD_RUNPATH_SEARCH_PATHS = (
					"$(inherited)",
					"@executable_path/Frameworks",
				);
				MARKETING_VERSION = 1.0;
				PRODUCT_BUNDLE_IDENTIFIER = "com.my.IOS6-HW25-AlekseiKudinov";
				PRODUCT_NAME = "$(TARGET_NAME)";
				SWIFT_EMIT_LOC_STRINGS = YES;
				SWIFT_VERSION = 5.0;
				TARGETED_DEVICE_FAMILY = "1,2";
			};
			name = Debug;
		};
		B00432FB28A30C0C009C3FD6 /* Release */ = {
			isa = XCBuildConfiguration;
			baseConfigurationReference = 10E715BBB6283FBE6B46E337 /* Pods-IOS6-HW25-AlekseiKudinov.release.xcconfig */;
			buildSettings = {
				ASSETCATALOG_COMPILER_APPICON_NAME = AppIcon;
				ASSETCATALOG_COMPILER_GLOBAL_ACCENT_COLOR_NAME = AccentColor;
				CODE_SIGN_STYLE = Automatic;
				CURRENT_PROJECT_VERSION = 1;
				GENERATE_INFOPLIST_FILE = YES;
				INFOPLIST_FILE = "IOS6-HW25-AlekseiKudinov/Info.plist";
				INFOPLIST_KEY_UIApplicationSupportsIndirectInputEvents = YES;
				INFOPLIST_KEY_UILaunchStoryboardName = LaunchScreen;
				INFOPLIST_KEY_UIMainStoryboardFile = Main;
				INFOPLIST_KEY_UISupportedInterfaceOrientations_iPad = "UIInterfaceOrientationPortrait UIInterfaceOrientationPortraitUpsideDown UIInterfaceOrientationLandscapeLeft UIInterfaceOrientationLandscapeRight";
				INFOPLIST_KEY_UISupportedInterfaceOrientations_iPhone = "UIInterfaceOrientationPortrait UIInterfaceOrientationLandscapeLeft UIInterfaceOrientationLandscapeRight";
				LD_RUNPATH_SEARCH_PATHS = (
					"$(inherited)",
					"@executable_path/Frameworks",
				);
				MARKETING_VERSION = 1.0;
				PRODUCT_BUNDLE_IDENTIFIER = "com.my.IOS6-HW25-AlekseiKudinov";
				PRODUCT_NAME = "$(TARGET_NAME)";
				SWIFT_EMIT_LOC_STRINGS = YES;
				SWIFT_VERSION = 5.0;
				TARGETED_DEVICE_FAMILY = "1,2";
			};
			name = Release;
		};
/* End XCBuildConfiguration section */

/* Begin XCConfigurationList section */
		B00432E028A30C0B009C3FD6 /* Build configuration list for PBXProject "IOS6-HW25-AlekseiKudinov" */ = {
			isa = XCConfigurationList;
			buildConfigurations = (
				B00432F728A30C0C009C3FD6 /* Debug */,
				B00432F828A30C0C009C3FD6 /* Release */,
			);
			defaultConfigurationIsVisible = 0;
			defaultConfigurationName = Release;
		};
		B00432F928A30C0C009C3FD6 /* Build configuration list for PBXNativeTarget "IOS6-HW25-AlekseiKudinov" */ = {
			isa = XCConfigurationList;
			buildConfigurations = (
				B00432FA28A30C0C009C3FD6 /* Debug */,
				B00432FB28A30C0C009C3FD6 /* Release */,
			);
			defaultConfigurationIsVisible = 0;
			defaultConfigurationName = Release;
		};
/* End XCConfigurationList section */
	};
	rootObject = B00432DD28A30C0B009C3FD6 /* Project object */;
}
